
Microsoft Visual Studio Solution File, Format Version 12.00
Project("{FAE04EC0-301F-11D3-BF4B-00C04F79EFBC}") = "ArpasingAliaser", "ArpasingAliaser\ArpasingAliaser.csproj", "{C4F808D4-193D-4288-9AC5-7D56B6973326}"
EndProject
Global
	GlobalSection(SolutionConfigurationPlatforms) = preSolution
		Debug|Any CPU = Debug|Any CPU
		Release|Any CPU = Release|Any CPU
	EndGlobalSection
	GlobalSection(ProjectConfigurationPlatforms) = postSolution
		{C4F808D4-193D-4288-9AC5-7D56B6973326}.Debug|Any CPU.ActiveCfg = Debug|Any CPU
		{C4F808D4-193D-4288-9AC5-7D56B6973326}.Debug|Any CPU.Build.0 = Debug|Any CPU
		{C4F808D4-193D-4288-9AC5-7D56B6973326}.Release|Any CPU.ActiveCfg = Release|Any CPU
		{C4F808D4-193D-4288-9AC5-7D56B6973326}.Release|Any CPU.Build.0 = Release|Any CPU
	EndGlobalSection
EndGlobal
